<?xml version="1.0" encoding="utf-8"?>
<Project ToolsVersion="4.0" xmlns="http://schemas.microsoft.com/developer/msbuild/2003">
  <ItemGroup>
    <ClInclude Include="$(MSBuildThisFileDirectory)GameStage.h">
      <Filter>Stage\GameStage</Filter>
    </ClInclude>
    <ClInclude Include="$(MSBuildThisFileDirectory)Player.h">
      <Filter>Player</Filter>
    </ClInclude>
    <ClInclude Include="$(MSBuildThisFileDirectory)Project.h">
      <Filter>Project</Filter>
    </ClInclude>
    <ClInclude Include="$(MSBuildThisFileDirectory)Scene.h">
      <Filter>Scene</Filter>
    </ClInclude>
    <ClInclude Include="$(MSBuildThisFileDirectory)OzawaFuncs.h">
      <Filter>OzawaFuncs</Filter>
    </ClInclude>
    <ClInclude Include="$(MSBuildThisFileDirectory)Billboard.h">
      <Filter>OzawaFuncs\DrawObject\Billboard</Filter>
    </ClInclude>
    <ClInclude Include="$(MSBuildThisFileDirectory)BillboardNumber.h">
      <Filter>OzawaFuncs\DrawObject\Billboard</Filter>
    </ClInclude>
    <ClInclude Include="$(MSBuildThisFileDirectory)Number.h">
      <Filter>OzawaFuncs\DrawObject\Sprite</Filter>
    </ClInclude>
    <ClInclude Include="$(MSBuildThisFileDirectory)Sprite.h">
      <Filter>OzawaFuncs\DrawObject\Sprite</Filter>
    </ClInclude>
    <ClInclude Include="$(MSBuildThisFileDirectory)DrawObject.h">
      <Filter>OzawaFuncs\DrawObject</Filter>
    </ClInclude>
    <ClInclude Include="$(MSBuildThisFileDirectory)Bool_t.h">
      <Filter>OzawaFuncs\BitFlag</Filter>
    </ClInclude>
    <ClInclude Include="$(MSBuildThisFileDirectory)BitFlag.h">
      <Filter>OzawaFuncs\BitFlag</Filter>
    </ClInclude>
    <ClInclude Include="$(MSBuildThisFileDirectory)CSVLoader.h">
      <Filter>OzawaFuncs\CSVLoader</Filter>
    </ClInclude>
    <ClInclude Include="$(MSBuildThisFileDirectory)DebugLog.h">
      <Filter>OzawaFuncs\DebugLog</Filter>
    </ClInclude>
    <ClInclude Include="$(MSBuildThisFileDirectory)OzawaUtility.h">
      <Filter>OzawaFuncs\Utility</Filter>
    </ClInclude>
    <ClInclude Include="$(MSBuildThisFileDirectory)TemplateObject.h">
      <Filter>OzawaFuncs\TemplateObject</Filter>
    </ClInclude>
    <ClInclude Include="$(MSBuildThisFileDirectory)Timer.h">
      <Filter>OzawaFuncs\Timer</Filter>
    </ClInclude>
    <ClInclude Include="$(MSBuildThisFileDirectory)Ground.h">
      <Filter>StageObject\Ground</Filter>
    </ClInclude>
    <ClInclude Include="$(MSBuildThisFileDirectory)Input.h">
      <Filter>OzawaFuncs</Filter>
    </ClInclude>
    <ClInclude Include="$(MSBuildThisFileDirectory)MiningObject.h">
      <Filter>StageObject\MiningObject</Filter>
    </ClInclude>
    <ClInclude Include="$(MSBuildThisFileDirectory)Station.h">
      <Filter>StageObject\Station</Filter>
    </ClInclude>
    <ClInclude Include="$(MSBuildThisFileDirectory)SelectIndicator.h">
      <Filter>Player\Game\SelectIndicator</Filter>
    </ClInclude>
    <ClInclude Include="$(MSBuildThisFileDirectory)Train.h">
      <Filter>StageObject\Train</Filter>
    </ClInclude>
    <ClInclude Include="$(MSBuildThisFileDirectory)CraftManager.h">
      <Filter>Player\Game\Craft</Filter>
    </ClInclude>
    <ClInclude Include="$(MSBuildThisFileDirectory)CraftingIcon.h">
      <Filter>Player\Game\Craft\CraftUI\CraftingIcon</Filter>
    </ClInclude>
    <ClInclude Include="$(MSBuildThisFileDirectory)CraftItemIcon.h">
      <Filter>Player\Game\Craft\CraftUI\CraftItemIcon</Filter>
    </ClInclude>
    <ClInclude Include="$(MSBuildThisFileDirectory)CraftWindow.h">
      <Filter>Player\Game\Craft\CraftUI\CraftWindow</Filter>
    </ClInclude>
    <ClInclude Include="$(MSBuildThisFileDirectory)CraftingQTE.h">
      <Filter>Player\Game\Craft\CraftUI\CraftingQTE</Filter>
    </ClInclude>
    <ClInclude Include="$(MSBuildThisFileDirectory)TitleStage.h">
      <Filter>Stage\TitleStage</Filter>
    </ClInclude>
    <ClInclude Include="$(MSBuildThisFileDirectory)Tarminal.h">
      <Filter>StageObject\Tarminal</Filter>
    </ClInclude>
    <ClInclude Include="$(MSBuildThisFileDirectory)CraftUI.h">
      <Filter>Player\Game\Craft\CraftUI</Filter>
    </ClInclude>
    <ClInclude Include="$(MSBuildThisFileDirectory)PlayerMovingState.h">
      <Filter>Player\Game\State\Moving</Filter>
    </ClInclude>
    <ClInclude Include="$(MSBuildThisFileDirectory)PlayerState.h">
      <Filter>Player\Game\State</Filter>
    </ClInclude>
    <ClInclude Include="$(MSBuildThisFileDirectory)PlayerMiningState.h">
      <Filter>Player\Game\State\Mining</Filter>
    </ClInclude>
    <ClInclude Include="$(MSBuildThisFileDirectory)PlayerCraftingState.h">
      <Filter>Player\Game\State\Crafting</Filter>
    </ClInclude>
    <ClInclude Include="$(MSBuildThisFileDirectory)GoalRail.h">
      <Filter>StageObject\Rail\Goal</Filter>
    </ClInclude>
    <ClInclude Include="$(MSBuildThisFileDirectory)PlayerIdleState.h">
      <Filter>Player\Game\State\Idle</Filter>
    </ClInclude>
    <ClInclude Include="$(MSBuildThisFileDirectory)RailManager.h">
      <Filter>StageObject\Rail</Filter>
    </ClInclude>
    <ClInclude Include="$(MSBuildThisFileDirectory)RailGuide.h">
      <Filter>Guide\RailGuide</Filter>
    </ClInclude>
    <ClInclude Include="$(MSBuildThisFileDirectory)MainCamera.h">
      <Filter>Camera</Filter>
    </ClInclude>
    <ClInclude Include="$(MSBuildThisFileDirectory)Building.h">
      <Filter>StageObject\Building</Filter>
    </ClInclude>
    <ClInclude Include="$(MSBuildThisFileDirectory)TitlePlayer.h">
      <Filter>Player\Title</Filter>
    </ClInclude>
    <ClInclude Include="$(MSBuildThisFileDirectory)GamePlayer.h">
      <Filter>Player\Game</Filter>
    </ClInclude>
    <ClInclude Include="$(MSBuildThisFileDirectory)ActionGuide.h">
      <Filter>Guide\ActionGuide</Filter>
    </ClInclude>
  </ItemGroup>
  <ItemGroup>
    <ClCompile Include="$(MSBuildThisFileDirectory)GameStage.cpp">
      <Filter>Stage\GameStage</Filter>
    </ClCompile>
    <ClCompile Include="$(MSBuildThisFileDirectory)WinMain.cpp">
      <Filter>Project</Filter>
    </ClCompile>
    <ClCompile Include="$(MSBuildThisFileDirectory)Scene.cpp">
      <Filter>Scene</Filter>
    </ClCompile>
    <ClCompile Include="$(MSBuildThisFileDirectory)Billboard.cpp">
      <Filter>OzawaFuncs\DrawObject\Billboard</Filter>
    </ClCompile>
    <ClCompile Include="$(MSBuildThisFileDirectory)BillboardNumber.cpp">
      <Filter>OzawaFuncs\DrawObject\Billboard</Filter>
    </ClCompile>
    <ClCompile Include="$(MSBuildThisFileDirectory)Number.cpp">
      <Filter>OzawaFuncs\DrawObject\Sprite</Filter>
    </ClCompile>
    <ClCompile Include="$(MSBuildThisFileDirectory)Sprite.cpp">
      <Filter>OzawaFuncs\DrawObject\Sprite</Filter>
    </ClCompile>
    <ClCompile Include="$(MSBuildThisFileDirectory)CSVLoader.cpp">
      <Filter>OzawaFuncs\CSVLoader</Filter>
    </ClCompile>
    <ClCompile Include="$(MSBuildThisFileDirectory)DebugLog.cpp">
      <Filter>OzawaFuncs\DebugLog</Filter>
    </ClCompile>
    <ClCompile Include="$(MSBuildThisFileDirectory)OzawaUtility.cpp">
      <Filter>OzawaFuncs\Utility</Filter>
    </ClCompile>
    <ClCompile Include="$(MSBuildThisFileDirectory)TemplateObject.cpp">
      <Filter>OzawaFuncs\TemplateObject</Filter>
    </ClCompile>
    <ClCompile Include="$(MSBuildThisFileDirectory)Timer.cpp">
      <Filter>OzawaFuncs\Timer</Filter>
    </ClCompile>
    <ClCompile Include="$(MSBuildThisFileDirectory)Ground.cpp">
      <Filter>StageObject\Ground</Filter>
    </ClCompile>
    <ClCompile Include="$(MSBuildThisFileDirectory)MiningObject.cpp">
      <Filter>StageObject\MiningObject</Filter>
    </ClCompile>
    <ClCompile Include="$(MSBuildThisFileDirectory)Station.cpp">
      <Filter>StageObject\Station</Filter>
    </ClCompile>
    <ClCompile Include="$(MSBuildThisFileDirectory)SelectIndicator.cpp">
      <Filter>Player\Game\SelectIndicator</Filter>
    </ClCompile>
    <ClCompile Include="$(MSBuildThisFileDirectory)Train.cpp">
      <Filter>StageObject\Train</Filter>
    </ClCompile>
    <ClCompile Include="$(MSBuildThisFileDirectory)CraftManager.cpp">
      <Filter>Player\Game\Craft</Filter>
    </ClCompile>
    <ClCompile Include="$(MSBuildThisFileDirectory)CraftingIcon.cpp">
      <Filter>Player\Game\Craft\CraftUI\CraftingIcon</Filter>
    </ClCompile>
    <ClCompile Include="$(MSBuildThisFileDirectory)CraftItemIcon.cpp">
      <Filter>Player\Game\Craft\CraftUI\CraftItemIcon</Filter>
    </ClCompile>
    <ClCompile Include="$(MSBuildThisFileDirectory)CraftWindow.cpp">
      <Filter>Player\Game\Craft\CraftUI\CraftWindow</Filter>
    </ClCompile>
    <ClCompile Include="$(MSBuildThisFileDirectory)CraftingQTE.cpp">
      <Filter>Player\Game\Craft\CraftUI\CraftingQTE</Filter>
    </ClCompile>
    <ClCompile Include="$(MSBuildThisFileDirectory)TitleStage.cpp">
      <Filter>Stage\TitleStage</Filter>
    </ClCompile>
    <ClCompile Include="$(MSBuildThisFileDirectory)Tarminal.cpp">
      <Filter>StageObject\Tarminal</Filter>
    </ClCompile>
    <ClCompile Include="$(MSBuildThisFileDirectory)CraftUI.cpp">
      <Filter>Player\Game\Craft\CraftUI</Filter>
    </ClCompile>
    <ClCompile Include="$(MSBuildThisFileDirectory)PlayerMovingState.cpp">
      <Filter>Player\Game\State\Moving</Filter>
    </ClCompile>
    <ClCompile Include="$(MSBuildThisFileDirectory)PlayerMiningState.cpp">
      <Filter>Player\Game\State\Mining</Filter>
    </ClCompile>
    <ClCompile Include="$(MSBuildThisFileDirectory)PlayerCraftingState.cpp">
      <Filter>Player\Game\State\Crafting</Filter>
    </ClCompile>
    <ClCompile Include="$(MSBuildThisFileDirectory)GoalRail.cpp">
      <Filter>StageObject\Rail\Goal</Filter>
    </ClCompile>
    <ClCompile Include="$(MSBuildThisFileDirectory)PlayerIdleState.cpp">
      <Filter>Player\Game\State\Idle</Filter>
    </ClCompile>
    <ClCompile Include="$(MSBuildThisFileDirectory)RailManager.cpp">
      <Filter>StageObject\Rail</Filter>
    </ClCompile>
    <ClCompile Include="$(MSBuildThisFileDirectory)MainCamera.cpp">
      <Filter>Camera</Filter>
    </ClCompile>
    <ClCompile Include="$(MSBuildThisFileDirectory)Building.cpp">
      <Filter>StageObject\Building</Filter>
    </ClCompile>
    <ClCompile Include="$(MSBuildThisFileDirectory)Player.cpp">
      <Filter>Player</Filter>
    </ClCompile>
    <ClCompile Include="$(MSBuildThisFileDirectory)RailGuide.cpp">
      <Filter>Guide\RailGuide</Filter>
    </ClCompile>
    <ClCompile Include="$(MSBuildThisFileDirectory)TitlePlayer.cpp">
      <Filter>Player\Title</Filter>
    </ClCompile>
    <ClCompile Include="$(MSBuildThisFileDirectory)GamePlayer.cpp">
      <Filter>Player\Game</Filter>
    </ClCompile>
    <ClCompile Include="$(MSBuildThisFileDirectory)ActionGuide.cpp">
      <Filter>Guide\ActionGuide</Filter>
    </ClCompile>
  </ItemGroup>
  <ItemGroup>
    <Filter Include="Player">
      <UniqueIdentifier>{ad3bd4ee-87cd-4886-99f6-5294a18d0d84}</UniqueIdentifier>
    </Filter>
    <Filter Include="Project">
      <UniqueIdentifier>{01ab6c35-9445-4717-b9d1-a4c0494848a7}</UniqueIdentifier>
    </Filter>
    <Filter Include="Scene">
      <UniqueIdentifier>{3bb0b70c-a563-425b-b1b0-d037c7c7b4b3}</UniqueIdentifier>
    </Filter>
    <Filter Include="OzawaFuncs">
      <UniqueIdentifier>{fed5e2fe-89fb-4de5-aa2e-09b184bd3e3f}</UniqueIdentifier>
    </Filter>
    <Filter Include="OzawaFuncs\DrawObject">
      <UniqueIdentifier>{28b0c17f-e5da-4eaf-a670-4cb46c931904}</UniqueIdentifier>
    </Filter>
    <Filter Include="OzawaFuncs\DrawObject\Sprite">
      <UniqueIdentifier>{9888ab17-65fa-42dd-ac91-b36861fe7e1c}</UniqueIdentifier>
    </Filter>
    <Filter Include="OzawaFuncs\DrawObject\Billboard">
      <UniqueIdentifier>{d376f46c-e489-41a9-a44c-d8db97e79401}</UniqueIdentifier>
    </Filter>
    <Filter Include="OzawaFuncs\BitFlag">
      <UniqueIdentifier>{edebfd07-e36e-4edb-b9e3-2306de66fb53}</UniqueIdentifier>
    </Filter>
    <Filter Include="OzawaFuncs\CSVLoader">
      <UniqueIdentifier>{34c70f6a-7e78-4ece-9946-3216e3601e28}</UniqueIdentifier>
    </Filter>
    <Filter Include="OzawaFuncs\DebugLog">
      <UniqueIdentifier>{15b75635-a1ea-4689-b49f-3bece78bb6b9}</UniqueIdentifier>
    </Filter>
    <Filter Include="OzawaFuncs\Utility">
      <UniqueIdentifier>{f4fb218e-b8ed-4d0e-acb2-f23b6db7c8ee}</UniqueIdentifier>
    </Filter>
    <Filter Include="OzawaFuncs\TemplateObject">
      <UniqueIdentifier>{87ce4d20-a20d-40a6-b4c4-124c5708a298}</UniqueIdentifier>
    </Filter>
    <Filter Include="OzawaFuncs\Timer">
      <UniqueIdentifier>{4dee838c-2f60-452e-9f67-a0d5cab5ba31}</UniqueIdentifier>
    </Filter>
    <Filter Include="StageObject">
      <UniqueIdentifier>{d271ecb3-29fb-4417-856d-d918f7c768c6}</UniqueIdentifier>
    </Filter>
    <Filter Include="StageObject\Ground">
      <UniqueIdentifier>{ab7af347-7f4d-4c24-9333-d0c2e7f05321}</UniqueIdentifier>
    </Filter>
    <Filter Include="StageObject\MiningObject">
      <UniqueIdentifier>{d466f35e-675e-4697-b202-3d53f3e61039}</UniqueIdentifier>
    </Filter>
    <Filter Include="StageObject\Station">
      <UniqueIdentifier>{72f7c1be-3362-4034-a892-ff59da128b08}</UniqueIdentifier>
    </Filter>
    <Filter Include="StageObject\Rail">
      <UniqueIdentifier>{0f8bc38d-d9cc-492e-a658-39939d7761d2}</UniqueIdentifier>
    </Filter>
    <Filter Include="StageObject\Train">
      <UniqueIdentifier>{3a27608b-f436-4aec-90bc-c0b6421bf41e}</UniqueIdentifier>
    </Filter>
    <Filter Include="StageObject\Tarminal">
      <UniqueIdentifier>{a3d9a28f-d5b1-4470-80ac-19d3da80f63d}</UniqueIdentifier>
    </Filter>
    <Filter Include="StageObject\Rail\Goal">
      <UniqueIdentifier>{4007fc3e-1d7d-4d3e-a06f-5c09b8211644}</UniqueIdentifier>
    </Filter>
    <Filter Include="Stage">
      <UniqueIdentifier>{f59477d1-a22a-4d03-a941-7aa000b91626}</UniqueIdentifier>
    </Filter>
    <Filter Include="Stage\GameStage">
      <UniqueIdentifier>{ffe53c14-a81d-4fac-964f-c63700dfa06b}</UniqueIdentifier>
    </Filter>
    <Filter Include="Stage\TitleStage">
      <UniqueIdentifier>{6c23563c-dd73-4b49-a99e-db3417271d14}</UniqueIdentifier>
    </Filter>
    <Filter Include="Guide">
      <UniqueIdentifier>{deec4a4e-7420-44b3-abfe-9464db24cf2c}</UniqueIdentifier>
    </Filter>
    <Filter Include="Guide\RailGuide">
      <UniqueIdentifier>{1db75497-19dd-4dab-994e-9f2f9bf9a2f3}</UniqueIdentifier>
    </Filter>
    <Filter Include="Camera">
      <UniqueIdentifier>{f30f9633-9775-486b-983b-eb32cadf7119}</UniqueIdentifier>
    </Filter>
    <Filter Include="StageObject\Building">
      <UniqueIdentifier>{5d07433b-b3ef-411d-ae58-43d570fa75ff}</UniqueIdentifier>
    </Filter>
    <Filter Include="Player\Title">
      <UniqueIdentifier>{4f238940-3f2b-4568-940c-a13ef976d89c}</UniqueIdentifier>
    </Filter>
    <Filter Include="Player\Game">
      <UniqueIdentifier>{4b4ed1cf-49da-4ead-8fcc-3340ddb788e5}</UniqueIdentifier>
    </Filter>
    <Filter Include="Player\Game\State">
      <UniqueIdentifier>{b5631a27-0a5b-45df-95f6-45be262082e4}</UniqueIdentifier>
    </Filter>
    <Filter Include="Player\Game\State\Moving">
      <UniqueIdentifier>{406bf76f-6cd6-43c6-887a-66267bbf430e}</UniqueIdentifier>
    </Filter>
    <Filter Include="Player\Game\State\Mining">
      <UniqueIdentifier>{85f07715-97f4-46c9-a4cc-8c7b64787723}</UniqueIdentifier>
    </Filter>
    <Filter Include="Player\Game\State\Crafting">
      <UniqueIdentifier>{54758f4d-e230-42c6-9dc6-335c4e38edbc}</UniqueIdentifier>
    </Filter>
    <Filter Include="Player\Game\State\Idle">
      <UniqueIdentifier>{f34c0152-ae2e-4e2d-802e-ac09c2b67bb7}</UniqueIdentifier>
    </Filter>
    <Filter Include="Player\Game\SelectIndicator">
      <UniqueIdentifier>{5f4ee246-7983-4dd3-a4a3-971d6203b9a9}</UniqueIdentifier>
    </Filter>
    <Filter Include="Player\Game\Craft">
      <UniqueIdentifier>{eea4401e-a506-4257-af28-d7b93e6a3204}</UniqueIdentifier>
    </Filter>
    <Filter Include="Player\Game\Craft\CraftUI">
      <UniqueIdentifier>{9daab37d-9590-401e-adab-74d74c5a7409}</UniqueIdentifier>
    </Filter>
    <Filter Include="Player\Game\Craft\CraftUI\CraftingIcon">
      <UniqueIdentifier>{77cbad18-3cb3-48c8-bafa-d76064ddcbab}</UniqueIdentifier>
    </Filter>
    <Filter Include="Player\Game\Craft\CraftUI\CraftingQTE">
      <UniqueIdentifier>{f4a7f1b8-503b-48eb-b6ee-50c874a2a1d0}</UniqueIdentifier>
    </Filter>
    <Filter Include="Player\Game\Craft\CraftUI\CraftItemIcon">
      <UniqueIdentifier>{14d3a9f5-fd76-4cbe-88bb-dd1cb3acbbf6}</UniqueIdentifier>
    </Filter>
    <Filter Include="Player\Game\Craft\CraftUI\CraftWindow">
      <UniqueIdentifier>{e7f02516-575c-4118-bda2-19ef8539b878}</UniqueIdentifier>
    </Filter>
    <Filter Include="Guide\ActionGuide">
      <UniqueIdentifier>{398b7ea4-8bf4-4edf-bdaa-dbfab36cf36d}</UniqueIdentifier>
    </Filter>
  </ItemGroup>
</Project>